
Microsoft Visual Studio Solution File, Format Version 12.00
# Visual Studio Version 17
VisualStudioVersion = 17.14.36511.14 d17.14
MinimumVisualStudioVersion = 10.0.40219.1
Project("{FAE04EC0-301F-11D3-BF4B-00C04F79EFBC}") = "RazorPagesMovie", "RazorPagesMovie\RazorPagesMovie.csproj", "{C02E184C-DD04-4D33-BB0C-68BDF34B3641}"
EndProject
Global
	GlobalSection(SolutionConfigurationPlatforms) = preSolution
		Debug|Any CPU = Debug|Any CPU
		Release|Any CPU = Release|Any CPU
	EndGlobalSection
	GlobalSection(ProjectConfigurationPlatforms) = postSolution
		{C02E184C-DD04-4D33-BB0C-68BDF34B3641}.Debug|Any CPU.ActiveCfg = Debug|Any CPU
		{C02E184C-DD04-4D33-BB0C-68BDF34B3641}.Debug|Any CPU.Build.0 = Debug|Any CPU
		{C02E184C-DD04-4D33-BB0C-68BDF34B3641}.Release|Any CPU.ActiveCfg = Release|Any CPU
		{C02E184C-DD04-4D33-BB0C-68BDF34B3641}.Release|Any CPU.Build.0 = Release|Any CPU
	EndGlobalSection
	GlobalSection(SolutionProperties) = preSolution
		HideSolutionNode = FALSE
	EndGlobalSection
	GlobalSection(ExtensibilityGlobals) = postSolution
		SolutionGuid = {877E91BD-7172-41A0-84AD-47126630836E}
	EndGlobalSection
EndGlobal
